{
    "_readme": [
        "This file locks the dependencies of your project to a known state",
        "Read more about it at https://getcomposer.org/doc/01-basic-usage.md#installing-dependencies",
        "This file is @generated automatically"
    ],
    "content-hash": "48f221dba5ff844e5041678616ebb434",
    "packages": [
        {
            "name": "gemorroj/archive7z",
            "version": "5.7.0",
            "source": {
                "type": "git",
                "url": "https://github.com/Gemorroj/Archive7z.git",
                "reference": "5e627fd6cc8def6125211c16d8bd60cf7e8fde99"
            },
            "dist": {
                "type": "zip",
                "url": "https://api.github.com/repos/Gemorroj/Archive7z/zipball/5e627fd6cc8def6125211c16d8bd60cf7e8fde99",
                "reference": "5e627fd6cc8def6125211c16d8bd60cf7e8fde99",
                "shasum": ""
            },
            "require": {
                "php": ">=8.0.2",
                "symfony/process": "^5.4||^6.0||^7.0"
            },
            "require-dev": {
                "friendsofphp/php-cs-fixer": "^3.41",
                "phpstan/phpstan": "^1.10",
                "phpunit/phpunit": "^9.6"
            },
            "type": "library",
            "autoload": {
                "psr-4": {
                    "Archive7z\\": "src/"
                }
            },
            "notification-url": "https://packagist.org/downloads/",
            "license": [
                "LGPL-3.0-or-later"
            ],
            "authors": [
                {
                    "name": "Gemorroj"
                }
            ],
            "description": "7z cli wrapper",
            "keywords": [
                "7-zip",
                "7z",
                "7zip",
                "archive",
                "p7zip"
            ],
            "support": {
                "issues": "https://github.com/Gemorroj/Archive7z/issues",
                "source": "https://github.com/Gemorroj/Archive7z/tree/5.7.0"
            },
            "time": "2023-12-22T13:40:05+00:00"
        },
        {
            "name": "symfony/process",
            "version": "v7.0.4",
            "source": {
                "type": "git",
                "url": "https://github.com/symfony/process.git",
                "reference": "0e7727191c3b71ebec6d529fa0e50a01ca5679e9"
            },
            "dist": {
                "type": "zip",
                "url": "https://api.github.com/repos/symfony/process/zipball/0e7727191c3b71ebec6d529fa0e50a01ca5679e9",
                "reference": "0e7727191c3b71ebec6d529fa0e50a01ca5679e9",
                "shasum": ""
            },
            "require": {
                "php": ">=8.2"
            },
            "type": "library",
            "autoload": {
                "psr-4": {
                    "Symfony\\Component\\Process\\": ""
                },
                "exclude-from-classmap": [
                    "/Tests/"
                ]
            },
            "notification-url": "https://packagist.org/downloads/",
            "license": [
                "MIT"
            ],
            "authors": [
                {
                    "name": "Fabien Potencier",
                    "email": "fabien@symfony.com"
                },
                {
                    "name": "Symfony Community",
                    "homepage": "https://symfony.com/contributors"
                }
            ],
            "description": "Executes commands in sub-processes",
            "homepage": "https://symfony.com",
            "support": {
                "source": "https://github.com/symfony/process/tree/v7.0.4"
            },
            "funding": [
                {
                    "url": "https://symfony.com/sponsor",
                    "type": "custom"
                },
                {
                    "url": "https://github.com/fabpot",
                    "type": "github"
                },
                {
                    "url": "https://tidelift.com/funding/github/packagist/symfony/symfony",
                    "type": "tidelift"
                }
            ],
            "time": "2024-02-22T20:27:20+00:00"
        }
    ],
    "packages-dev": [],
    "aliases": [],
    "minimum-stability": "stable",
    "stability-flags": [],
    "prefer-stable": false,
    "prefer-lowest": false,
    "platform": [],
    "platform-dev": [],
    "plugin-api-version": "2.6.0"
}
